
Microsoft Visual Studio Solution File, Format Version 12.00
# Visual Studio Version 17
VisualStudioVersion = 17.14.36717.8
MinimumVisualStudioVersion = 10.0.40219.1
Project("{FAE04EC0-301F-11D3-BF4B-00C04F79EFBC}") = "WcfServiceLibrary1", "WcfServiceLibrary1\WcfServiceLibrary1.csproj", "{3A68CFFF-3820-4DCE-AF4B-873E0AC263E5}"
EndProject
Project("{FAE04EC0-301F-11D3-BF4B-00C04F79EFBC}") = "WcfServiceHost", "WcfServiceHost\WcfServiceHost.csproj", "{C66193CD-527B-4E29-A694-226E4863557D}"
EndProject
Project("{FAE04EC0-301F-11D3-BF4B-00C04F79EFBC}") = "WcfClient", "WcfClient\WcfClient.csproj", "{F9024417-9D21-495E-A766-332D45D0624C}"
EndProject
Project("{FAE04EC0-301F-11D3-BF4B-00C04F79EFBC}") = "EmployeeClient", "EmployeeClient\EmployeeClient.csproj", "{D9266AFC-B816-4BE9-8CA5-8E7B47A925A2}"
EndProject
Project("{FAE04EC0-301F-11D3-BF4B-00C04F79EFBC}") = "OrderDashboard", "OrderDashboard\OrderDashboard.csproj", "{381D8C4D-7C8A-411A-8709-599AD99A1488}"
EndProject
Project("{FAE04EC0-301F-11D3-BF4B-00C04F79EFBC}") = "SecurityClient", "SecurityClient\SecurityClient.csproj", "{979D6D6A-E00B-4197-81DC-D925BE9F50BC}"
EndProject
Global
	GlobalSection(SolutionConfigurationPlatforms) = preSolution
		Debug|Any CPU = Debug|Any CPU
		Release|Any CPU = Release|Any CPU
	EndGlobalSection
	GlobalSection(ProjectConfigurationPlatforms) = postSolution
		{3A68CFFF-3820-4DCE-AF4B-873E0AC263E5}.Debug|Any CPU.ActiveCfg = Debug|Any CPU
		{3A68CFFF-3820-4DCE-AF4B-873E0AC263E5}.Debug|Any CPU.Build.0 = Debug|Any CPU
		{3A68CFFF-3820-4DCE-AF4B-873E0AC263E5}.Release|Any CPU.ActiveCfg = Release|Any CPU
		{3A68CFFF-3820-4DCE-AF4B-873E0AC263E5}.Release|Any CPU.Build.0 = Release|Any CPU
		{C66193CD-527B-4E29-A694-226E4863557D}.Debug|Any CPU.ActiveCfg = Debug|Any CPU
		{C66193CD-527B-4E29-A694-226E4863557D}.Debug|Any CPU.Build.0 = Debug|Any CPU
		{C66193CD-527B-4E29-A694-226E4863557D}.Release|Any CPU.ActiveCfg = Release|Any CPU
		{C66193CD-527B-4E29-A694-226E4863557D}.Release|Any CPU.Build.0 = Release|Any CPU
		{F9024417-9D21-495E-A766-332D45D0624C}.Debug|Any CPU.ActiveCfg = Debug|Any CPU
		{F9024417-9D21-495E-A766-332D45D0624C}.Debug|Any CPU.Build.0 = Debug|Any CPU
		{F9024417-9D21-495E-A766-332D45D0624C}.Release|Any CPU.ActiveCfg = Release|Any CPU
		{F9024417-9D21-495E-A766-332D45D0624C}.Release|Any CPU.Build.0 = Release|Any CPU
		{D9266AFC-B816-4BE9-8CA5-8E7B47A925A2}.Debug|Any CPU.ActiveCfg = Debug|Any CPU
		{D9266AFC-B816-4BE9-8CA5-8E7B47A925A2}.Debug|Any CPU.Build.0 = Debug|Any CPU
		{D9266AFC-B816-4BE9-8CA5-8E7B47A925A2}.Release|Any CPU.ActiveCfg = Release|Any CPU
		{D9266AFC-B816-4BE9-8CA5-8E7B47A925A2}.Release|Any CPU.Build.0 = Release|Any CPU
		{381D8C4D-7C8A-411A-8709-599AD99A1488}.Debug|Any CPU.ActiveCfg = Debug|Any CPU
		{381D8C4D-7C8A-411A-8709-599AD99A1488}.Debug|Any CPU.Build.0 = Debug|Any CPU
		{381D8C4D-7C8A-411A-8709-599AD99A1488}.Release|Any CPU.ActiveCfg = Release|Any CPU
		{381D8C4D-7C8A-411A-8709-599AD99A1488}.Release|Any CPU.Build.0 = Release|Any CPU
		{979D6D6A-E00B-4197-81DC-D925BE9F50BC}.Debug|Any CPU.ActiveCfg = Debug|Any CPU
		{979D6D6A-E00B-4197-81DC-D925BE9F50BC}.Debug|Any CPU.Build.0 = Debug|Any CPU
		{979D6D6A-E00B-4197-81DC-D925BE9F50BC}.Release|Any CPU.ActiveCfg = Release|Any CPU
		{979D6D6A-E00B-4197-81DC-D925BE9F50BC}.Release|Any CPU.Build.0 = Release|Any CPU
	EndGlobalSection
	GlobalSection(SolutionProperties) = preSolution
		HideSolutionNode = FALSE
	EndGlobalSection
	GlobalSection(ExtensibilityGlobals) = postSolution
		SolutionGuid = {3B912B82-7919-4F4F-A5F1-5B532C14C9EE}
	EndGlobalSection
EndGlobal
